
Microsoft Visual Studio Solution File, Format Version 12.00
# Visual Studio 15
VisualStudioVersion = 15.0.27130.2027
MinimumVisualStudioVersion = 10.0.40219.1
Project("{FAE04EC0-301F-11D3-BF4B-00C04F79EFBC}") = "TestsGeneratorLib", "TestsGeneratorLib\TestsGeneratorLib.csproj", "{EB4E88DA-E198-4305-98CF-1A079826AC1F}"
EndProject
Project("{FAE04EC0-301F-11D3-BF4B-00C04F79EFBC}") = "TestsGeneratorApp", "TestsGeneratorApp\TestsGeneratorApp.csproj", "{8A2B3EF6-56D3-4DB0-A18F-F7C931611167}"
EndProject
Global
	GlobalSection(SolutionConfigurationPlatforms) = preSolution
		Debug|Any CPU = Debug|Any CPU
		Release|Any CPU = Release|Any CPU
	EndGlobalSection
	GlobalSection(ProjectConfigurationPlatforms) = postSolution
		{EB4E88DA-E198-4305-98CF-1A079826AC1F}.Debug|Any CPU.ActiveCfg = Debug|Any CPU
		{EB4E88DA-E198-4305-98CF-1A079826AC1F}.Debug|Any CPU.Build.0 = Debug|Any CPU
		{EB4E88DA-E198-4305-98CF-1A079826AC1F}.Release|Any CPU.ActiveCfg = Release|Any CPU
		{EB4E88DA-E198-4305-98CF-1A079826AC1F}.Release|Any CPU.Build.0 = Release|Any CPU
		{8A2B3EF6-56D3-4DB0-A18F-F7C931611167}.Debug|Any CPU.ActiveCfg = Debug|Any CPU
		{8A2B3EF6-56D3-4DB0-A18F-F7C931611167}.Debug|Any CPU.Build.0 = Debug|Any CPU
		{8A2B3EF6-56D3-4DB0-A18F-F7C931611167}.Release|Any CPU.ActiveCfg = Release|Any CPU
		{8A2B3EF6-56D3-4DB0-A18F-F7C931611167}.Release|Any CPU.Build.0 = Release|Any CPU
	EndGlobalSection
	GlobalSection(SolutionProperties) = preSolution
		HideSolutionNode = FALSE
	EndGlobalSection
	GlobalSection(ExtensibilityGlobals) = postSolution
		SolutionGuid = {D3B91B7B-ACE1-4D56-BCA5-D31244C0B2EB}
	EndGlobalSection
EndGlobal
